// !$*UTF8*$!
{
	archiveVersion = 1;
	classes = {
	};
	objectVersion = 50;
	objects = {

/* Begin PBXBuildFile section */
		04098DFE2172C50500F181C6 /* GoogleService-Info.plist in Resources */ = {isa = PBXBuildFile; fileRef = 04098DFD2172C50400F181C6 /* GoogleService-Info.plist */; };
		04098E002172CFBF00F181C6 /* SignUpController.swift in Sources */ = {isa = PBXBuildFile; fileRef = 04098DFF2172CFBF00F181C6 /* SignUpController.swift */; };
		04098E022172D61700F181C6 /* HomeViewController.swift in Sources */ = {isa = PBXBuildFile; fileRef = 04098E012172D61700F181C6 /* HomeViewController.swift */; };
		04967074215F248100117936 /* AppDelegate.swift in Sources */ = {isa = PBXBuildFile; fileRef = 04967073215F248100117936 /* AppDelegate.swift */; };
		04967076215F248100117936 /* ViewController.swift in Sources */ = {isa = PBXBuildFile; fileRef = 04967075215F248100117936 /* ViewController.swift */; };
		04967079215F248100117936 /* Main.storyboard in Resources */ = {isa = PBXBuildFile; fileRef = 04967077215F248100117936 /* Main.storyboard */; };
		0496707C215F248100117936 /* FIT5140Assignment3.xcdatamodeld in Sources */ = {isa = PBXBuildFile; fileRef = 0496707A215F248100117936 /* FIT5140Assignment3.xcdatamodeld */; };
		0496707E215F248300117936 /* Assets.xcassets in Resources */ = {isa = PBXBuildFile; fileRef = 0496707D215F248300117936 /* Assets.xcassets */; };
		04967081215F248300117936 /* LaunchScreen.storyboard in Resources */ = {isa = PBXBuildFile; fileRef = 0496707F215F248300117936 /* LaunchScreen.storyboard */; };
		0496708C215F248300117936 /* FIT5140Assignment3Tests.swift in Sources */ = {isa = PBXBuildFile; fileRef = 0496708B215F248300117936 /* FIT5140Assignment3Tests.swift */; };
		04967097215F248300117936 /* FIT5140Assignment3UITests.swift in Sources */ = {isa = PBXBuildFile; fileRef = 04967096215F248300117936 /* FIT5140Assignment3UITests.swift */; };
		3C149F7954CC8A09F1C06ED1 /* Pods_FIT5140Assignment3Tests.framework in Frameworks */ = {isa = PBXBuildFile; fileRef = AA9CF07F31EA12FBD1527A89 /* Pods_FIT5140Assignment3Tests.framework */; };
		892615972172D04300C5C0B9 /* LoginViewController.swift in Sources */ = {isa = PBXBuildFile; fileRef = 892615962172D04300C5C0B9 /* LoginViewController.swift */; };
		904925F14316F715CC3247FA /* Pods_FIT5140Assignment3.framework in Frameworks */ = {isa = PBXBuildFile; fileRef = 8BDC7DAA60D268E2B23D83F0 /* Pods_FIT5140Assignment3.framework */; };
		FCCE23F0D7245CFCD7454117 /* Pods_FIT5140Assignment3UITests.framework in Frameworks */ = {isa = PBXBuildFile; fileRef = A69C15DE3F3438C3A4CEA668 /* Pods_FIT5140Assignment3UITests.framework */; };
/* End PBXBuildFile section */

/* Begin PBXContainerItemProxy section */
		04967088215F248300117936 /* PBXContainerItemProxy */ = {
			isa = PBXContainerItemProxy;
			containerPortal = 04967068215F248000117936 /* Project object */;
			proxyType = 1;
			remoteGlobalIDString = 0496706F215F248100117936;
			remoteInfo = FIT5140Assignment3;
		};
		04967093215F248300117936 /* PBXContainerItemProxy */ = {
			isa = PBXContainerItemProxy;
			containerPortal = 04967068215F248000117936 /* Project object */;
			proxyType = 1;
			remoteGlobalIDString = 0496706F215F248100117936;
			remoteInfo = FIT5140Assignment3;
		};
/* End PBXContainerItemProxy section */

/* Begin PBXFileReference section */
		04098DFD2172C50400F181C6 /* GoogleService-Info.plist */ = {isa = PBXFileReference; fileEncoding = 4; lastKnownFileType = text.plist.xml; path = "GoogleService-Info.plist"; sourceTree = "<group>"; };
		04098DFF2172CFBF00F181C6 /* SignUpController.swift */ = {isa = PBXFileReference; lastKnownFileType = sourcecode.swift; path = SignUpController.swift; sourceTree = "<group>"; };
		04098E012172D61700F181C6 /* HomeViewController.swift */ = {isa = PBXFileReference; lastKnownFileType = sourcecode.swift; path = HomeViewController.swift; sourceTree = "<group>"; };
		04967070215F248100117936 /* Traffic.app */ = {isa = PBXFileReference; explicitFileType = wrapper.application; includeInIndex = 0; path = Traffic.app; sourceTree = BUILT_PRODUCTS_DIR; };
		04967073215F248100117936 /* AppDelegate.swift */ = {isa = PBXFileReference; lastKnownFileType = sourcecode.swift; path = AppDelegate.swift; sourceTree = "<group>"; };
		04967075215F248100117936 /* ViewController.swift */ = {isa = PBXFileReference; lastKnownFileType = sourcecode.swift; path = ViewController.swift; sourceTree = "<group>"; };
		04967078215F248100117936 /* Base */ = {isa = PBXFileReference; lastKnownFileType = file.storyboard; name = Base; path = Base.lproj/Main.storyboard; sourceTree = "<group>"; };
		0496707B215F248100117936 /* FIT5140Assignment3.xcdatamodel */ = {isa = PBXFileReference; lastKnownFileType = wrapper.xcdatamodel; path = FIT5140Assignment3.xcdatamodel; sourceTree = "<group>"; };
		0496707D215F248300117936 /* Assets.xcassets */ = {isa = PBXFileReference; lastKnownFileType = folder.assetcatalog; path = Assets.xcassets; sourceTree = "<group>"; };
		04967080215F248300117936 /* Base */ = {isa = PBXFileReference; lastKnownFileType = file.storyboard; name = Base; path = Base.lproj/LaunchScreen.storyboard; sourceTree = "<group>"; };
		04967082215F248300117936 /* Info.plist */ = {isa = PBXFileReference; lastKnownFileType = text.plist.xml; path = Info.plist; sourceTree = "<group>"; };
		04967087215F248300117936 /* TrafficTests.xctest */ = {isa = PBXFileReference; explicitFileType = wrapper.cfbundle; includeInIndex = 0; path = TrafficTests.xctest; sourceTree = BUILT_PRODUCTS_DIR; };
		0496708B215F248300117936 /* FIT5140Assignment3Tests.swift */ = {isa = PBXFileReference; lastKnownFileType = sourcecode.swift; path = FIT5140Assignment3Tests.swift; sourceTree = "<group>"; };
		0496708D215F248300117936 /* Info.plist */ = {isa = PBXFileReference; lastKnownFileType = text.plist.xml; path = Info.plist; sourceTree = "<group>"; };
		04967092215F248300117936 /* TrafficUITests.xctest */ = {isa = PBXFileReference; explicitFileType = wrapper.cfbundle; includeInIndex = 0; path = TrafficUITests.xctest; sourceTree = BUILT_PRODUCTS_DIR; };
		04967096215F248300117936 /* FIT5140Assignment3UITests.swift */ = {isa = PBXFileReference; lastKnownFileType = sourcecode.swift; path = FIT5140Assignment3UITests.swift; sourceTree = "<group>"; };
		04967098215F248300117936 /* Info.plist */ = {isa = PBXFileReference; lastKnownFileType = text.plist.xml; path = Info.plist; sourceTree = "<group>"; };
		388F3145F50C0774240D3398 /* Pods-FIT5140Assignment3.debug.xcconfig */ = {isa = PBXFileReference; includeInIndex = 1; lastKnownFileType = text.xcconfig; name = "Pods-FIT5140Assignment3.debug.xcconfig"; path = "Pods/Target Support Files/Pods-FIT5140Assignment3/Pods-FIT5140Assignment3.debug.xcconfig"; sourceTree = "<group>"; };
		43E790758AF5421511CFF551 /* Pods-FIT5140Assignment3Tests.release.xcconfig */ = {isa = PBXFileReference; includeInIndex = 1; lastKnownFileType = text.xcconfig; name = "Pods-FIT5140Assignment3Tests.release.xcconfig"; path = "Pods/Target Support Files/Pods-FIT5140Assignment3Tests/Pods-FIT5140Assignment3Tests.release.xcconfig"; sourceTree = "<group>"; };
		820831C809B7B129A768CD6D /* Pods-FIT5140Assignment3UITests.release.xcconfig */ = {isa = PBXFileReference; includeInIndex = 1; lastKnownFileType = text.xcconfig; name = "Pods-FIT5140Assignment3UITests.release.xcconfig"; path = "Pods/Target Support Files/Pods-FIT5140Assignment3UITests/Pods-FIT5140Assignment3UITests.release.xcconfig"; sourceTree = "<group>"; };
		892615962172D04300C5C0B9 /* LoginViewController.swift */ = {isa = PBXFileReference; lastKnownFileType = sourcecode.swift; path = LoginViewController.swift; sourceTree = "<group>"; };
		8BDC7DAA60D268E2B23D83F0 /* Pods_FIT5140Assignment3.framework */ = {isa = PBXFileReference; explicitFileType = wrapper.framework; includeInIndex = 0; path = Pods_FIT5140Assignment3.framework; sourceTree = BUILT_PRODUCTS_DIR; };
		A69C15DE3F3438C3A4CEA668 /* Pods_FIT5140Assignment3UITests.framework */ = {isa = PBXFileReference; explicitFileType = wrapper.framework; includeInIndex = 0; path = Pods_FIT5140Assignment3UITests.framework; sourceTree = BUILT_PRODUCTS_DIR; };
		AA9CF07F31EA12FBD1527A89 /* Pods_FIT5140Assignment3Tests.framework */ = {isa = PBXFileReference; explicitFileType = wrapper.framework; includeInIndex = 0; path = Pods_FIT5140Assignment3Tests.framework; sourceTree = BUILT_PRODUCTS_DIR; };
		AD414760B9A527EC85BD7367 /* Pods-FIT5140Assignment3Tests.debug.xcconfig */ = {isa = PBXFileReference; includeInIndex = 1; lastKnownFileType = text.xcconfig; name = "Pods-FIT5140Assignment3Tests.debug.xcconfig"; path = "Pods/Target Support Files/Pods-FIT5140Assignment3Tests/Pods-FIT5140Assignment3Tests.debug.xcconfig"; sourceTree = "<group>"; };
		D547FEB2B85ACA3F0DB73E9D /* Pods-FIT5140Assignment3UITests.debug.xcconfig */ = {isa = PBXFileReference; includeInIndex = 1; lastKnownFileType = text.xcconfig; name = "Pods-FIT5140Assignment3UITests.debug.xcconfig"; path = "Pods/Target Support Files/Pods-FIT5140Assignment3UITests/Pods-FIT5140Assignment3UITests.debug.xcconfig"; sourceTree = "<group>"; };
		DD9DE228568E6C48D892C5FB /* Pods-FIT5140Assignment3.release.xcconfig */ = {isa = PBXFileReference; includeInIndex = 1; lastKnownFileType = text.xcconfig; name = "Pods-FIT5140Assignment3.release.xcconfig"; path = "Pods/Target Support Files/Pods-FIT5140Assignment3/Pods-FIT5140Assignment3.release.xcconfig"; sourceTree = "<group>"; };
/* End PBXFileReference section */

/* Begin PBXFrameworksBuildPhase section */
		0496706D215F248100117936 /* Frameworks */ = {
			isa = PBXFrameworksBuildPhase;
			buildActionMask = 2147483647;
			files = (
				904925F14316F715CC3247FA /* Pods_FIT5140Assignment3.framework in Frameworks */,
			);
			runOnlyForDeploymentPostprocessing = 0;
		};
		04967084215F248300117936 /* Frameworks */ = {
			isa = PBXFrameworksBuildPhase;
			buildActionMask = 2147483647;
			files = (
				3C149F7954CC8A09F1C06ED1 /* Pods_FIT5140Assignment3Tests.framework in Frameworks */,
			);
			runOnlyForDeploymentPostprocessing = 0;
		};
		0496708F215F248300117936 /* Frameworks */ = {
			isa = PBXFrameworksBuildPhase;
			buildActionMask = 2147483647;
			files = (
				FCCE23F0D7245CFCD7454117 /* Pods_FIT5140Assignment3UITests.framework in Frameworks */,
			);
			runOnlyForDeploymentPostprocessing = 0;
		};
/* End PBXFrameworksBuildPhase section */

/* Begin PBXGroup section */
		04967067215F248000117936 = {
			isa = PBXGroup;
			children = (
				04967072215F248100117936 /* FIT5140Assignment3 */,
				0496708A215F248300117936 /* FIT5140Assignment3Tests */,
				04967095215F248300117936 /* FIT5140Assignment3UITests */,
				04967071215F248100117936 /* Products */,
				668E9EAE9FE238C2B5EBDD12 /* Pods */,
				3B1160021CF57A7E287F1760 /* Frameworks */,
			);
			sourceTree = "<group>";
		};
		04967071215F248100117936 /* Products */ = {
			isa = PBXGroup;
			children = (
				04967070215F248100117936 /* Traffic.app */,
				04967087215F248300117936 /* TrafficTests.xctest */,
				04967092215F248300117936 /* TrafficUITests.xctest */,
			);
			name = Products;
			sourceTree = "<group>";
		};
		04967072215F248100117936 /* FIT5140Assignment3 */ = {
			isa = PBXGroup;
			children = (
				04098DFD2172C50400F181C6 /* GoogleService-Info.plist */,
				04967073215F248100117936 /* AppDelegate.swift */,
				04967075215F248100117936 /* ViewController.swift */,
				04967077215F248100117936 /* Main.storyboard */,
				0496707D215F248300117936 /* Assets.xcassets */,
				0496707F215F248300117936 /* LaunchScreen.storyboard */,
				04967082215F248300117936 /* Info.plist */,
				0496707A215F248100117936 /* FIT5140Assignment3.xcdatamodeld */,
				892615962172D04300C5C0B9 /* LoginViewController.swift */,
				04098DFF2172CFBF00F181C6 /* SignUpController.swift */,
				04098E012172D61700F181C6 /* HomeViewController.swift */,
			);
			path = FIT5140Assignment3;
			sourceTree = "<group>";
		};
		0496708A215F248300117936 /* FIT5140Assignment3Tests */ = {
			isa = PBXGroup;
			children = (
				0496708B215F248300117936 /* FIT5140Assignment3Tests.swift */,
				0496708D215F248300117936 /* Info.plist */,
			);
			path = FIT5140Assignment3Tests;
			sourceTree = "<group>";
		};
		04967095215F248300117936 /* FIT5140Assignment3UITests */ = {
			isa = PBXGroup;
			children = (
				04967096215F248300117936 /* FIT5140Assignment3UITests.swift */,
				04967098215F248300117936 /* Info.plist */,
			);
			path = FIT5140Assignment3UITests;
			sourceTree = "<group>";
		};
		3B1160021CF57A7E287F1760 /* Frameworks */ = {
			isa = PBXGroup;
			children = (
				8BDC7DAA60D268E2B23D83F0 /* Pods_FIT5140Assignment3.framework */,
				AA9CF07F31EA12FBD1527A89 /* Pods_FIT5140Assignment3Tests.framework */,
				A69C15DE3F3438C3A4CEA668 /* Pods_FIT5140Assignment3UITests.framework */,
			);
			name = Frameworks;
			sourceTree = "<group>";
		};
		668E9EAE9FE238C2B5EBDD12 /* Pods */ = {
			isa = PBXGroup;
			children = (
				388F3145F50C0774240D3398 /* Pods-FIT5140Assignment3.debug.xcconfig */,
				DD9DE228568E6C48D892C5FB /* Pods-FIT5140Assignment3.release.xcconfig */,
				AD414760B9A527EC85BD7367 /* Pods-FIT5140Assignment3Tests.debug.xcconfig */,
				43E790758AF5421511CFF551 /* Pods-FIT5140Assignment3Tests.release.xcconfig */,
				D547FEB2B85ACA3F0DB73E9D /* Pods-FIT5140Assignment3UITests.debug.xcconfig */,
				820831C809B7B129A768CD6D /* Pods-FIT5140Assignment3UITests.release.xcconfig */,
			);
			name = Pods;
			sourceTree = "<group>";
		};
/* End PBXGroup section */

/* Begin PBXNativeTarget section */
		0496706F215F248100117936 /* Traffic */ = {
			isa = PBXNativeTarget;
			buildConfigurationList = 0496709B215F248300117936 /* Build configuration list for PBXNativeTarget "Traffic" */;
			buildPhases = (
				F29F9E3E24A25446593301ED /* [CP] Check Pods Manifest.lock */,
				0496706C215F248100117936 /* Sources */,
				0496706D215F248100117936 /* Frameworks */,
				0496706E215F248100117936 /* Resources */,
				8A8BEDFFEFD07D07E57E3838 /* [CP] Embed Pods Frameworks */,
			);
			buildRules = (
			);
			dependencies = (
			);
			name = Traffic;
			productName = FIT5140Assignment3;
			productReference = 04967070215F248100117936 /* Traffic.app */;
			productType = "com.apple.product-type.application";
		};
		04967086215F248300117936 /* TrafficTests */ = {
			isa = PBXNativeTarget;
			buildConfigurationList = 0496709E215F248300117936 /* Build configuration list for PBXNativeTarget "TrafficTests" */;
			buildPhases = (
				23AE3D33FF958FA591B5ABC9 /* [CP] Check Pods Manifest.lock */,
				04967083215F248300117936 /* Sources */,
				04967084215F248300117936 /* Frameworks */,
				04967085215F248300117936 /* Resources */,
			);
			buildRules = (
			);
			dependencies = (
				04967089215F248300117936 /* PBXTargetDependency */,
			);
			name = TrafficTests;
			productName = FIT5140Assignment3Tests;
			productReference = 04967087215F248300117936 /* TrafficTests.xctest */;
			productType = "com.apple.product-type.bundle.unit-test";
		};
		04967091215F248300117936 /* TrafficUITests */ = {
			isa = PBXNativeTarget;
			buildConfigurationList = 049670A1215F248300117936 /* Build configuration list for PBXNativeTarget "TrafficUITests" */;
			buildPhases = (
				F21A621A83CD908821497FDF /* [CP] Check Pods Manifest.lock */,
				0496708E215F248300117936 /* Sources */,
				0496708F215F248300117936 /* Frameworks */,
				04967090215F248300117936 /* Resources */,
			);
			buildRules = (
			);
			dependencies = (
				04967094215F248300117936 /* PBXTargetDependency */,
			);
			name = TrafficUITests;
			productName = FIT5140Assignment3UITests;
			productReference = 04967092215F248300117936 /* TrafficUITests.xctest */;
			productType = "com.apple.product-type.bundle.ui-testing";
		};
/* End PBXNativeTarget section */

/* Begin PBXProject section */
		04967068215F248000117936 /* Project object */ = {
			isa = PBXProject;
			attributes = {
				LastSwiftUpdateCheck = 1000;
				LastUpgradeCheck = 1000;
				ORGANIZATIONNAME = Maya;
				TargetAttributes = {
					0496706F215F248100117936 = {
						CreatedOnToolsVersion = 10.0;
					};
					04967086215F248300117936 = {
						CreatedOnToolsVersion = 10.0;
						TestTargetID = 0496706F215F248100117936;
					};
					04967091215F248300117936 = {
						CreatedOnToolsVersion = 10.0;
						TestTargetID = 0496706F215F248100117936;
					};
				};
			};
			buildConfigurationList = 0496706B215F248000117936 /* Build configuration list for PBXProject "Traffic" */;
			compatibilityVersion = "Xcode 9.3";
			developmentRegion = en;
			hasScannedForEncodings = 0;
			knownRegions = (
				en,
				Base,
			);
			mainGroup = 04967067215F248000117936;
			productRefGroup = 04967071215F248100117936 /* Products */;
			projectDirPath = "";
			projectRoot = "";
			targets = (
				0496706F215F248100117936 /* Traffic */,
				04967086215F248300117936 /* TrafficTests */,
				04967091215F248300117936 /* TrafficUITests */,
			);
		};
/* End PBXProject section */

/* Begin PBXResourcesBuildPhase section */
		0496706E215F248100117936 /* Resources */ = {
			isa = PBXResourcesBuildPhase;
			buildActionMask = 2147483647;
			files = (
				04967081215F248300117936 /* LaunchScreen.storyboard in Resources */,
				04098DFE2172C50500F181C6 /* GoogleService-Info.plist in Resources */,
				0496707E215F248300117936 /* Assets.xcassets in Resources */,
				04967079215F248100117936 /* Main.storyboard in Resources */,
			);
			runOnlyForDeploymentPostprocessing = 0;
		};
		04967085215F248300117936 /* Resources */ = {
			isa = PBXResourcesBuildPhase;
			buildActionMask = 2147483647;
			files = (
			);
			runOnlyForDeploymentPostprocessing = 0;
		};
		04967090215F248300117936 /* Resources */ = {
			isa = PBXResourcesBuildPhase;
			buildActionMask = 2147483647;
			files = (
			);
			runOnlyForDeploymentPostprocessing = 0;
		};
/* End PBXResourcesBuildPhase section */

/* Begin PBXShellScriptBuildPhase section */
		23AE3D33FF958FA591B5ABC9 /* [CP] Check Pods Manifest.lock */ = {
			isa = PBXShellScriptBuildPhase;
			buildActionMask = 2147483647;
			files = (
			);
			inputPaths = (
				"${PODS_PODFILE_DIR_PATH}/Podfile.lock",
				"${PODS_ROOT}/Manifest.lock",
			);
			name = "[CP] Check Pods Manifest.lock";
			outputPaths = (
				"$(DERIVED_FILE_DIR)/Pods-FIT5140Assignment3Tests-checkManifestLockResult.txt",
			);
			runOnlyForDeploymentPostprocessing = 0;
			shellPath = /bin/sh;
			shellScript = "diff \"${PODS_PODFILE_DIR_PATH}/Podfile.lock\" \"${PODS_ROOT}/Manifest.lock\" > /dev/null\nif [ $? != 0 ] ; then\n    # print error to STDERR\n    echo \"error: The sandbox is not in sync with the Podfile.lock. Run 'pod install' or update your CocoaPods installation.\" >&2\n    exit 1\nfi\n# This output is used by Xcode 'outputs' to avoid re-running this script phase.\necho \"SUCCESS\" > \"${SCRIPT_OUTPUT_FILE_0}\"\n";
			showEnvVarsInLog = 0;
		};
		8A8BEDFFEFD07D07E57E3838 /* [CP] Embed Pods Frameworks */ = {
			isa = PBXShellScriptBuildPhase;
			buildActionMask = 2147483647;
			files = (
			);
			inputPaths = (
				"${SRCROOT}/Pods/Target Support Files/Pods-FIT5140Assignment3/Pods-FIT5140Assignment3-frameworks.sh",
				"${BUILT_PRODUCTS_DIR}/GTMSessionFetcher/GTMSessionFetcher.framework",
				"${BUILT_PRODUCTS_DIR}/GoogleUtilities/GoogleUtilities.framework",
				"${BUILT_PRODUCTS_DIR}/leveldb-library/leveldb.framework",
				"${BUILT_PRODUCTS_DIR}/nanopb/nanopb.framework",
			);
			name = "[CP] Embed Pods Frameworks";
			outputPaths = (
				"${TARGET_BUILD_DIR}/${FRAMEWORKS_FOLDER_PATH}/GTMSessionFetcher.framework",
				"${TARGET_BUILD_DIR}/${FRAMEWORKS_FOLDER_PATH}/GoogleUtilities.framework",
				"${TARGET_BUILD_DIR}/${FRAMEWORKS_FOLDER_PATH}/leveldb.framework",
				"${TARGET_BUILD_DIR}/${FRAMEWORKS_FOLDER_PATH}/nanopb.framework",
			);
			runOnlyForDeploymentPostprocessing = 0;
			shellPath = /bin/sh;
			shellScript = "\"${SRCROOT}/Pods/Target Support Files/Pods-FIT5140Assignment3/Pods-FIT5140Assignment3-frameworks.sh\"\n";
			showEnvVarsInLog = 0;
		};
		F21A621A83CD908821497FDF /* [CP] Check Pods Manifest.lock */ = {
			isa = PBXShellScriptBuildPhase;
			buildActionMask = 2147483647;
			files = (
			);
			inputPaths = (
				"${PODS_PODFILE_DIR_PATH}/Podfile.lock",
				"${PODS_ROOT}/Manifest.lock",
			);
			name = "[CP] Check Pods Manifest.lock";
			outputPaths = (
				"$(DERIVED_FILE_DIR)/Pods-FIT5140Assignment3UITests-checkManifestLockResult.txt",
			);
			runOnlyForDeploymentPostprocessing = 0;
			shellPath = /bin/sh;
			shellScript = "diff \"${PODS_PODFILE_DIR_PATH}/Podfile.lock\" \"${PODS_ROOT}/Manifest.lock\" > /dev/null\nif [ $? != 0 ] ; then\n    # print error to STDERR\n    echo \"error: The sandbox is not in sync with the Podfile.lock. Run 'pod install' or update your CocoaPods installation.\" >&2\n    exit 1\nfi\n# This output is used by Xcode 'outputs' to avoid re-running this script phase.\necho \"SUCCESS\" > \"${SCRIPT_OUTPUT_FILE_0}\"\n";
			showEnvVarsInLog = 0;
		};
		F29F9E3E24A25446593301ED /* [CP] Check Pods Manifest.lock */ = {
			isa = PBXShellScriptBuildPhase;
			buildActionMask = 2147483647;
			files = (
			);
			inputPaths = (
				"${PODS_PODFILE_DIR_PATH}/Podfile.lock",
				"${PODS_ROOT}/Manifest.lock",
			);
			name = "[CP] Check Pods Manifest.lock";
			outputPaths = (
				"$(DERIVED_FILE_DIR)/Pods-FIT5140Assignment3-checkManifestLockResult.txt",
			);
			runOnlyForDeploymentPostprocessing = 0;
			shellPath = /bin/sh;
			shellScript = "diff \"${PODS_PODFILE_DIR_PATH}/Podfile.lock\" \"${PODS_ROOT}/Manifest.lock\" > /dev/null\nif [ $? != 0 ] ; then\n    # print error to STDERR\n    echo \"error: The sandbox is not in sync with the Podfile.lock. Run 'pod install' or update your CocoaPods installation.\" >&2\n    exit 1\nfi\n# This output is used by Xcode 'outputs' to avoid re-running this script phase.\necho \"SUCCESS\" > \"${SCRIPT_OUTPUT_FILE_0}\"\n";
			showEnvVarsInLog = 0;
		};
/* End PBXShellScriptBuildPhase section */

/* Begin PBXSourcesBuildPhase section */
		0496706C215F248100117936 /* Sources */ = {
			isa = PBXSourcesBuildPhase;
			buildActionMask = 2147483647;
			files = (
				892615972172D04300C5C0B9 /* LoginViewController.swift in Sources */,
				0496707C215F248100117936 /* FIT5140Assignment3.xcdatamodeld in Sources */,
				04967076215F248100117936 /* ViewController.swift in Sources */,
				04967074215F248100117936 /* AppDelegate.swift in Sources */,
				04098E002172CFBF00F181C6 /* SignUpController.swift in Sources */,
				04098E022172D61700F181C6 /* HomeViewController.swift in Sources */,
			);
			runOnlyForDeploymentPostprocessing = 0;
		};
		04967083215F248300117936 /* Sources */ = {
			isa = PBXSourcesBuildPhase;
			buildActionMask = 2147483647;
			files = (
				0496708C215F248300117936 /* FIT5140Assignment3Tests.swift in Sources */,
			);
			runOnlyForDeploymentPostprocessing = 0;
		};
		0496708E215F248300117936 /* Sources */ = {
			isa = PBXSourcesBuildPhase;
			buildActionMask = 2147483647;
			files = (
				04967097215F248300117936 /* FIT5140Assignment3UITests.swift in Sources */,
			);
			runOnlyForDeploymentPostprocessing = 0;
		};
/* End PBXSourcesBuildPhase section */

/* Begin PBXTargetDependency section */
		04967089215F248300117936 /* PBXTargetDependency */ = {
			isa = PBXTargetDependency;
			target = 0496706F215F248100117936 /* Traffic */;
			targetProxy = 04967088215F248300117936 /* PBXContainerItemProxy */;
		};
		04967094215F248300117936 /* PBXTargetDependency */ = {
			isa = PBXTargetDependency;
			target = 0496706F215F248100117936 /* Traffic */;
			targetProxy = 04967093215F248300117936 /* PBXContainerItemProxy */;
		};
/* End PBXTargetDependency section */

/* Begin PBXVariantGroup section */
		04967077215F248100117936 /* Main.storyboard */ = {
			isa = PBXVariantGroup;
			children = (
				04967078215F248100117936 /* Base */,
			);
			name = Main.storyboard;
			sourceTree = "<group>";
		};
		0496707F215F248300117936 /* LaunchScreen.storyboard */ = {
			isa = PBXVariantGroup;
			children = (
				04967080215F248300117936 /* Base */,
			);
			name = LaunchScreen.storyboard;
			sourceTree = "<group>";
		};
/* End PBXVariantGroup section */

/* Begin XCBuildConfiguration section */
		04967099215F248300117936 /* Debug */ = {
			isa = XCBuildConfiguration;
			buildSettings = {
				ALWAYS_SEARCH_USER_PATHS = NO;
				CLANG_ANALYZER_NONNULL = YES;
				CLANG_ANALYZER_NUMBER_OBJECT_CONVERSION = YES_AGGRESSIVE;
				CLANG_CXX_LANGUAGE_STANDARD = "gnu++14";
				CLANG_CXX_LIBRARY = "libc++";
				CLANG_ENABLE_MODULES = YES;
				CLANG_ENABLE_OBJC_ARC = YES;
				CLANG_ENABLE_OBJC_WEAK = YES;
				CLANG_WARN_BLOCK_CAPTURE_AUTORELEASING = YES;
				CLANG_WARN_BOOL_CONVERSION = YES;
				CLANG_WARN_COMMA = YES;
				CLANG_WARN_CONSTANT_CONVERSION = YES;
				CLANG_WARN_DEPRECATED_OBJC_IMPLEMENTATIONS = YES;
				CLANG_WARN_DIRECT_OBJC_ISA_USAGE = YES_ERROR;
				CLANG_WARN_DOCUMENTATION_COMMENTS = YES;
				CLANG_WARN_EMPTY_BODY = YES;
				CLANG_WARN_ENUM_CONVERSION = YES;
				CLANG_WARN_INFINITE_RECURSION = YES;
				CLANG_WARN_INT_CONVERSION = YES;
				CLANG_WARN_NON_LITERAL_NULL_CONVERSION = YES;
				CLANG_WARN_OBJC_IMPLICIT_RETAIN_SELF = YES;
				CLANG_WARN_OBJC_LITERAL_CONVERSION = YES;
				CLANG_WARN_OBJC_ROOT_CLASS = YES_ERROR;
				CLANG_WARN_RANGE_LOOP_ANALYSIS = YES;
				CLANG_WARN_STRICT_PROTOTYPES = YES;
				CLANG_WARN_SUSPICIOUS_MOVE = YES;
				CLANG_WARN_UNGUARDED_AVAILABILITY = YES_AGGRESSIVE;
				CLANG_WARN_UNREACHABLE_CODE = YES;
				CLANG_WARN__DUPLICATE_METHOD_MATCH = YES;
				CODE_SIGN_IDENTITY = "iPhone Developer";
				COPY_PHASE_STRIP = NO;
				DEBUG_INFORMATION_FORMAT = dwarf;
				ENABLE_STRICT_OBJC_MSGSEND = YES;
				ENABLE_TESTABILITY = YES;
				GCC_C_LANGUAGE_STANDARD = gnu11;
				GCC_DYNAMIC_NO_PIC = NO;
				GCC_NO_COMMON_BLOCKS = YES;
				GCC_OPTIMIZATION_LEVEL = 0;
				GCC_PREPROCESSOR_DEFINITIONS = (
					"DEBUG=1",
					"$(inherited)",
				);
				GCC_WARN_64_TO_32_BIT_CONVERSION = YES;
				GCC_WARN_ABOUT_RETURN_TYPE = YES_ERROR;
				GCC_WARN_UNDECLARED_SELECTOR = YES;
				GCC_WARN_UNINITIALIZED_AUTOS = YES_AGGRESSIVE;
				GCC_WARN_UNUSED_FUNCTION = YES;
				GCC_WARN_UNUSED_VARIABLE = YES;
				IPHONEOS_DEPLOYMENT_TARGET = 12.0;
				MTL_ENABLE_DEBUG_INFO = INCLUDE_SOURCE;
				MTL_FAST_MATH = YES;
				ONLY_ACTIVE_ARCH = YES;
				SDKROOT = iphoneos;
				SWIFT_ACTIVE_COMPILATION_CONDITIONS = DEBUG;
				SWIFT_OPTIMIZATION_LEVEL = "-Onone";
			};
			name = Debug;
		};
		0496709A215F248300117936 /* Release */ = {
			isa = XCBuildConfiguration;
			buildSettings = {
				ALWAYS_SEARCH_USER_PATHS = NO;
				CLANG_ANALYZER_NONNULL = YES;
				CLANG_ANALYZER_NUMBER_OBJECT_CONVERSION = YES_AGGRESSIVE;
				CLANG_CXX_LANGUAGE_STANDARD = "gnu++14";
				CLANG_CXX_LIBRARY = "libc++";
				CLANG_ENABLE_MODULES = YES;
				CLANG_ENABLE_OBJC_ARC = YES;
				CLANG_ENABLE_OBJC_WEAK = YES;
				CLANG_WARN_BLOCK_CAPTURE_AUTORELEASING = YES;
				CLANG_WARN_BOOL_CONVERSION = YES;
				CLANG_WARN_COMMA = YES;
				CLANG_WARN_CONSTANT_CONVERSION = YES;
				CLANG_WARN_DEPRECATED_OBJC_IMPLEMENTATIONS = YES;
				CLANG_WARN_DIRECT_OBJC_ISA_USAGE = YES_ERROR;
				CLANG_WARN_DOCUMENTATION_COMMENTS = YES;
				CLANG_WARN_EMPTY_BODY = YES;
				CLANG_WARN_ENUM_CONVERSION = YES;
				CLANG_WARN_INFINITE_RECURSION = YES;
				CLANG_WARN_INT_CONVERSION = YES;
				CLANG_WARN_NON_LITERAL_NULL_CONVERSION = YES;
				CLANG_WARN_OBJC_IMPLICIT_RETAIN_SELF = YES;
				CLANG_WARN_OBJC_LITERAL_CONVERSION = YES;
				CLANG_WARN_OBJC_ROOT_CLASS = YES_ERROR;
				CLANG_WARN_RANGE_LOOP_ANALYSIS = YES;
				CLANG_WARN_STRICT_PROTOTYPES = YES;
				CLANG_WARN_SUSPICIOUS_MOVE = YES;
				CLANG_WARN_UNGUARDED_AVAILABILITY = YES_AGGRESSIVE;
				CLANG_WARN_UNREACHABLE_CODE = YES;
				CLANG_WARN__DUPLICATE_METHOD_MATCH = YES;
				CODE_SIGN_IDENTITY = "iPhone Developer";
				COPY_PHASE_STRIP = NO;
				DEBUG_INFORMATION_FORMAT = "dwarf-with-dsym";
				ENABLE_NS_ASSERTIONS = NO;
				ENABLE_STRICT_OBJC_MSGSEND = YES;
				GCC_C_LANGUAGE_STANDARD = gnu11;
				GCC_NO_COMMON_BLOCKS = YES;
				GCC_WARN_64_TO_32_BIT_CONVERSION = YES;
				GCC_WARN_ABOUT_RETURN_TYPE = YES_ERROR;
				GCC_WARN_UNDECLARED_SELECTOR = YES;
				GCC_WARN_UNINITIALIZED_AUTOS = YES_AGGRESSIVE;
				GCC_WARN_UNUSED_FUNCTION = YES;
				GCC_WARN_UNUSED_VARIABLE = YES;
				IPHONEOS_DEPLOYMENT_TARGET = 12.0;
				MTL_ENABLE_DEBUG_INFO = NO;
				MTL_FAST_MATH = YES;
				SDKROOT = iphoneos;
				SWIFT_COMPILATION_MODE = wholemodule;
				SWIFT_OPTIMIZATION_LEVEL = "-O";
				VALIDATE_PRODUCT = YES;
			};
			name = Release;
		};
		0496709C215F248300117936 /* Debug */ = {
			isa = XCBuildConfiguration;
			baseConfigurationReference = 388F3145F50C0774240D3398 /* Pods-FIT5140Assignment3.debug.xcconfig */;
			buildSettings = {
				ASSETCATALOG_COMPILER_APPICON_NAME = AppIcon;
				CODE_SIGN_STYLE = Automatic;
				DEVELOPMENT_TEAM = 2H2797PHCF;
				INFOPLIST_FILE = FIT5140Assignment3/Info.plist;
				IPHONEOS_DEPLOYMENT_TARGET = 10.3;
				LD_RUNPATH_SEARCH_PATHS = (
					"$(inherited)",
					"@executable_path/Frameworks",
				);
				PRODUCT_BUNDLE_IDENTIFIER = com.monash.FIT5140Assignment3;
				PRODUCT_NAME = "$(TARGET_NAME)";
				SWIFT_VERSION = 4.2;
				TARGETED_DEVICE_FAMILY = "1,2";
			};
			name = Debug;
		};
		0496709D215F248300117936 /* Release */ = {
			isa = XCBuildConfiguration;
			baseConfigurationReference = DD9DE228568E6C48D892C5FB /* Pods-FIT5140Assignment3.release.xcconfig */;
			buildSettings = {
				ASSETCATALOG_COMPILER_APPICON_NAME = AppIcon;
				CODE_SIGN_STYLE = Automatic;
				DEVELOPMENT_TEAM = 2H2797PHCF;
				INFOPLIST_FILE = FIT5140Assignment3/Info.plist;
				IPHONEOS_DEPLOYMENT_TARGET = 10.3;
				LD_RUNPATH_SEARCH_PATHS = (
					"$(inherited)",
					"@executable_path/Frameworks",
				);
				PRODUCT_BUNDLE_IDENTIFIER = com.monash.FIT5140Assignment3;
				PRODUCT_NAME = "$(TARGET_NAME)";
				SWIFT_VERSION = 4.2;
				TARGETED_DEVICE_FAMILY = "1,2";
			};
			name = Release;
		};
		0496709F215F248300117936 /* Debug */ = {
			isa = XCBuildConfiguration;
			baseConfigurationReference = AD414760B9A527EC85BD7367 /* Pods-FIT5140Assignment3Tests.debug.xcconfig */;
			buildSettings = {
				ALWAYS_EMBED_SWIFT_STANDARD_LIBRARIES = YES;
				BUNDLE_LOADER = "$(TEST_HOST)";
				CODE_SIGN_STYLE = Automatic;
				DEVELOPMENT_TEAM = 2H2797PHCF;
				INFOPLIST_FILE = FIT5140Assignment3Tests/Info.plist;
				LD_RUNPATH_SEARCH_PATHS = (
					"$(inherited)",
					"@executable_path/Frameworks",
					"@loader_path/Frameworks",
				);
				PRODUCT_BUNDLE_IDENTIFIER = Monash.FIT5140Assignment3Tests;
				PRODUCT_NAME = "$(TARGET_NAME)";
				SWIFT_VERSION = 4.2;
				TARGETED_DEVICE_FAMILY = "1,2";
				TEST_HOST = "$(BUILT_PRODUCTS_DIR)/Traffic.app/Traffic";
			};
			name = Debug;
		};
		049670A0215F248300117936 /* Release */ = {
			isa = XCBuildConfiguration;
			baseConfigurationReference = 43E790758AF5421511CFF551 /* Pods-FIT5140Assignment3Tests.release.xcconfig */;
			buildSettings = {
				ALWAYS_EMBED_SWIFT_STANDARD_LIBRARIES = YES;
				BUNDLE_LOADER = "$(TEST_HOST)";
				CODE_SIGN_STYLE = Automatic;
				DEVELOPMENT_TEAM = 2H2797PHCF;
				INFOPLIST_FILE = FIT5140Assignment3Tests/Info.plist;
				LD_RUNPATH_SEARCH_PATHS = (
					"$(inherited)",
					"@executable_path/Frameworks",
					"@loader_path/Frameworks",
				);
				PRODUCT_BUNDLE_IDENTIFIER = Monash.FIT5140Assignment3Tests;
				PRODUCT_NAME = "$(TARGET_NAME)";
				SWIFT_VERSION = 4.2;
				TARGETED_DEVICE_FAMILY = "1,2";
				TEST_HOST = "$(BUILT_PRODUCTS_DIR)/Traffic.app/Traffic";
			};
			name = Release;
		};
		049670A2215F248300117936 /* Debug */ = {
			isa = XCBuildConfiguration;
			baseConfigurationReference = D547FEB2B85ACA3F0DB73E9D /* Pods-FIT5140Assignment3UITests.debug.xcconfig */;
			buildSettings = {
				ALWAYS_EMBED_SWIFT_STANDARD_LIBRARIES = YES;
				CODE_SIGN_STYLE = Automatic;
				DEVELOPMENT_TEAM = 2H2797PHCF;
				INFOPLIST_FILE = FIT5140Assignment3UITests/Info.plist;
				LD_RUNPATH_SEARCH_PATHS = (
					"$(inherited)",
					"@executable_path/Frameworks",
					"@loader_path/Frameworks",
				);
				PRODUCT_BUNDLE_IDENTIFIER = Monash.FIT5140Assignment3UITests;
				PRODUCT_NAME = "$(TARGET_NAME)";
				SWIFT_VERSION = 4.2;
				TARGETED_DEVICE_FAMILY = "1,2";
				TEST_TARGET_NAME = FIT5140Assignment3;
			};
			name = Debug;
		};
		049670A3215F248300117936 /* Release */ = {
			isa = XCBuildConfiguration;
			baseConfigurationReference = 820831C809B7B129A768CD6D /* Pods-FIT5140Assignment3UITests.release.xcconfig */;
			buildSettings = {
				ALWAYS_EMBED_SWIFT_STANDARD_LIBRARIES = YES;
				CODE_SIGN_STYLE = Automatic;
				DEVELOPMENT_TEAM = 2H2797PHCF;
				INFOPLIST_FILE = FIT5140Assignment3UITests/Info.plist;
				LD_RUNPATH_SEARCH_PATHS = (
					"$(inherited)",
					"@executable_path/Frameworks",
					"@loader_path/Frameworks",
				);
				PRODUCT_BUNDLE_IDENTIFIER = Monash.FIT5140Assignment3UITests;
				PRODUCT_NAME = "$(TARGET_NAME)";
				SWIFT_VERSION = 4.2;
				TARGETED_DEVICE_FAMILY = "1,2";
				TEST_TARGET_NAME = FIT5140Assignment3;
			};
			name = Release;
		};
/* End XCBuildConfiguration section */

/* Begin XCConfigurationList section */
		0496706B215F248000117936 /* Build configuration list for PBXProject "Traffic" */ = {
			isa = XCConfigurationList;
			buildConfigurations = (
				04967099215F248300117936 /* Debug */,
				0496709A215F248300117936 /* Release */,
			);
			defaultConfigurationIsVisible = 0;
			defaultConfigurationName = Release;
		};
		0496709B215F248300117936 /* Build configuration list for PBXNativeTarget "Traffic" */ = {
			isa = XCConfigurationList;
			buildConfigurations = (
				0496709C215F248300117936 /* Debug */,
				0496709D215F248300117936 /* Release */,
			);
			defaultConfigurationIsVisible = 0;
			defaultConfigurationName = Release;
		};
		0496709E215F248300117936 /* Build configuration list for PBXNativeTarget "TrafficTests" */ = {
			isa = XCConfigurationList;
			buildConfigurations = (
				0496709F215F248300117936 /* Debug */,
				049670A0215F248300117936 /* Release */,
			);
			defaultConfigurationIsVisible = 0;
			defaultConfigurationName = Release;
		};
		049670A1215F248300117936 /* Build configuration list for PBXNativeTarget "TrafficUITests" */ = {
			isa = XCConfigurationList;
			buildConfigurations = (
				049670A2215F248300117936 /* Debug */,
				049670A3215F248300117936 /* Release */,
			);
			defaultConfigurationIsVisible = 0;
			defaultConfigurationName = Release;
		};
/* End XCConfigurationList section */

/* Begin XCVersionGroup section */
		0496707A215F248100117936 /* FIT5140Assignment3.xcdatamodeld */ = {
			isa = XCVersionGroup;
			children = (
				0496707B215F248100117936 /* FIT5140Assignment3.xcdatamodel */,
			);
			currentVersion = 0496707B215F248100117936 /* FIT5140Assignment3.xcdatamodel */;
			path = FIT5140Assignment3.xcdatamodeld;
			sourceTree = "<group>";
			versionGroupType = wrapper.xcdatamodel;
		};
/* End XCVersionGroup section */
	};
	rootObject = 04967068215F248000117936 /* Project object */;
}
